{
  "name": "z1",
  "version": "1.0.0",
  "lockfileVersion": 1,
  "requires": true,
  "dependencies": {
    "nodemailer": {
      "version": "4.3.1",
      "resolved": "http://registry.npm.taobao.org/nodemailer/download/nodemailer-4.3.1.tgz",
      "integrity": "sha1-QOFi9UGTui/syiANVE6PbBEG1pQ="
    }
  }
}
